{
  "name": "jsspeccy",
  "version": "3.0.0",
  "lockfileVersion": 2,
  "requires": true,
  "packages": {
    "": {
      "name": "jsspeccy",
      "version": "3.0.0",
      "license": "ISC",
      "devDependencies": {
        "assemblyscript": "^0.19.6"
      }
    },
    "node_modules/assemblyscript": {
      "version": "0.19.6",
      "resolved": "https://registry.npmjs.org/assemblyscript/-/assemblyscript-0.19.6.tgz",
      "integrity": "sha512-4yc29w3zDGke9u3O1HQxbkyvhjHx+QD8hQ/EJIU+kWV6wPDPwEX2Fc3SUWUfGY3wr53ghVPMWILJxhA4jTIfHw==",
      "dev": true,
      "dependencies": {
        "binaryen": "101.0.0-nightly.20210703",
        "long": "^4.0.0"
      },
      "bin": {
        "asc": "bin/asc",
        "asinit": "bin/asinit"
      },
      "funding": {
        "type": "opencollective",
        "url": "https://opencollective.com/assemblyscript"
      }
    },
    "node_modules/binaryen": {
      "version": "101.0.0-nightly.20210703",
      "resolved": "https://registry.npmjs.org/binaryen/-/binaryen-101.0.0-nightly.20210703.tgz",
      "integrity": "sha512-7iuRy/aSsd8BlO0ZOG4GqDI8z66UhazD10eeC3i14SOhZJ+MLC3I+BX5ydr3nk9g5j2PDGndxuYvm0gy+VJHYg==",
      "dev": true,
      "bin": {
        "wasm-opt": "bin/wasm-opt"
      }
    },
    "node_modules/long": {
      "version": "4.0.0",
      "resolved": "https://registry.npmjs.org/long/-/long-4.0.0.tgz",
      "integrity": "sha512-XsP+KhQif4bjX1kbuSiySJFNAehNxgLb6hPRGJ9QsUr8ajHkuXGdrHmFUTUUXhDwVX2R5bY4JNZEwbUiMhV+MA==",
      "dev": true
    }
  },
  "dependencies": {
    "assemblyscript": {
      "version": "0.19.6",
      "resolved": "https://registry.npmjs.org/assemblyscript/-/assemblyscript-0.19.6.tgz",
      "integrity": "sha512-4yc29w3zDGke9u3O1HQxbkyvhjHx+QD8hQ/EJIU+kWV6wPDPwEX2Fc3SUWUfGY3wr53ghVPMWILJxhA4jTIfHw==",
      "dev": true,
      "requires": {
        "binaryen": "101.0.0-nightly.20210703",
        "long": "^4.0.0"
      }
    },
    "binaryen": {
      "version": "101.0.0-nightly.20210703",
      "resolved": "https://registry.npmjs.org/binaryen/-/binaryen-101.0.0-nightly.20210703.tgz",
      "integrity": "sha512-7iuRy/aSsd8BlO0ZOG4GqDI8z66UhazD10eeC3i14SOhZJ+MLC3I+BX5ydr3nk9g5j2PDGndxuYvm0gy+VJHYg==",
      "dev": true
    },
    "long": {
      "version": "4.0.0",
      "resolved": "https://registry.npmjs.org/long/-/long-4.0.0.tgz",
      "integrity": "sha512-XsP+KhQif4bjX1kbuSiySJFNAehNxgLb6hPRGJ9QsUr8ajHkuXGdrHmFUTUUXhDwVX2R5bY4JNZEwbUiMhV+MA==",
      "dev": true
    }
  }
}
